
Microsoft Visual Studio Solution File, Format Version 12.00
# Visual Studio 15
VisualStudioVersion = 15.0.28307.852
MinimumVisualStudioVersion = 10.0.40219.1
Project("{9A19103F-16F7-4668-BE54-9A1E7A4F7556}") = "emp_management", "emp_management\emp_management.csproj", "{CC1127D1-AEC0-4AE0-BA27-42ABE3CEF205}"
EndProject
Global
	GlobalSection(SolutionConfigurationPlatforms) = preSolution
		Debug|Any CPU = Debug|Any CPU
		Release|Any CPU = Release|Any CPU
	EndGlobalSection
	GlobalSection(ProjectConfigurationPlatforms) = postSolution
		{CC1127D1-AEC0-4AE0-BA27-42ABE3CEF205}.Debug|Any CPU.ActiveCfg = Debug|Any CPU
		{CC1127D1-AEC0-4AE0-BA27-42ABE3CEF205}.Debug|Any CPU.Build.0 = Debug|Any CPU
		{CC1127D1-AEC0-4AE0-BA27-42ABE3CEF205}.Release|Any CPU.ActiveCfg = Release|Any CPU
		{CC1127D1-AEC0-4AE0-BA27-42ABE3CEF205}.Release|Any CPU.Build.0 = Release|Any CPU
	EndGlobalSection
	GlobalSection(SolutionProperties) = preSolution
		HideSolutionNode = FALSE
	EndGlobalSection
	GlobalSection(ExtensibilityGlobals) = postSolution
		SolutionGuid = {8E54E96C-D997-479B-A353-FCDCBC26C35A}
	EndGlobalSection
EndGlobal
